Microsoft Visual Studio Solution File, Format Version 12.00
# Visual Studio Version 17
VisualStudioVersion = 17.14.36603.0 d17.14
MinimumVisualStudioVersion = 10.0.40219.1
Project("{FAE04EC0-301F-11D3-BF4B-00C04F79EFBC}") = "PopupContainerWithOKButton", "PopupContainerWithOKButton.csproj", "{2C00BF74-893D-49C8-BBB5-58C73B90C44D}"
EndProject
Global
	GlobalSection(SolutionConfigurationPlatforms) = preSolution
		Debug|Any CPU = Debug|Any CPU
		Release|Any CPU = Release|Any CPU
	EndGlobalSection
	GlobalSection(ProjectConfigurationPlatforms) = postSolution
		{2C00BF74-893D-49C8-BBB5-58C73B90C44D}.Debug|Any CPU.ActiveCfg = Debug|Any CPU
		{2C00BF74-893D-49C8-BBB5-58C73B90C44D}.Debug|Any CPU.Build.0 = Debug|Any CPU
		{2C00BF74-893D-49C8-BBB5-58C73B90C44D}.Release|Any CPU.ActiveCfg = Release|Any CPU
		{2C00BF74-893D-49C8-BBB5-58C73B90C44D}.Release|Any CPU.Build.0 = Release|Any CPU
	EndGlobalSection
	GlobalSection(SolutionProperties) = preSolution
		HideSolutionNode = FALSE
	EndGlobalSection
	GlobalSection(ExtensibilityGlobals) = postSolution
		SolutionGuid = {36E76087-7722-4A52-B048-82854779BE54}
	EndGlobalSection
EndGlobal
